
Microsoft Visual Studio Solution File, Format Version 12.00
# Visual Studio Version 17
VisualStudioVersion = 17.6.33815.320
MinimumVisualStudioVersion = 10.0.40219.1
Project("{FAE04EC0-301F-11D3-BF4B-00C04F79EFBC}") = "Overloaded_Constructors", "Overloaded_Constructors\Overloaded_Constructors.csproj", "{39A861F2-305E-4333-94A4-7BEB13FD0C32}"
EndProject
Global
	GlobalSection(SolutionConfigurationPlatforms) = preSolution
		Debug|Any CPU = Debug|Any CPU
		Release|Any CPU = Release|Any CPU
	EndGlobalSection
	GlobalSection(ProjectConfigurationPlatforms) = postSolution
		{39A861F2-305E-4333-94A4-7BEB13FD0C32}.Debug|Any CPU.ActiveCfg = Debug|Any CPU
		{39A861F2-305E-4333-94A4-7BEB13FD0C32}.Debug|Any CPU.Build.0 = Debug|Any CPU
		{39A861F2-305E-4333-94A4-7BEB13FD0C32}.Release|Any CPU.ActiveCfg = Release|Any CPU
		{39A861F2-305E-4333-94A4-7BEB13FD0C32}.Release|Any CPU.Build.0 = Release|Any CPU
	EndGlobalSection
	GlobalSection(SolutionProperties) = preSolution
		HideSolutionNode = FALSE
	EndGlobalSection
	GlobalSection(ExtensibilityGlobals) = postSolution
		SolutionGuid = {875CB1DD-3EF9-44B7-8BDD-9D3EBADD6FC9}
	EndGlobalSection
EndGlobal
