
Microsoft Visual Studio Solution File, Format Version 12.00
# Visual Studio Version 17
VisualStudioVersion = 17.6.33815.320
MinimumVisualStudioVersion = 10.0.40219.1
Project("{FAE04EC0-301F-11D3-BF4B-00C04F79EFBC}") = "IF_Statement(Example_2)", "IF_Statement(Example_2)\IF_Statement(Example_2).csproj", "{DFED8137-2BB2-4B25-A57F-24B62D2E3885}"
EndProject
Global
	GlobalSection(SolutionConfigurationPlatforms) = preSolution
		Debug|Any CPU = Debug|Any CPU
		Release|Any CPU = Release|Any CPU
	EndGlobalSection
	GlobalSection(ProjectConfigurationPlatforms) = postSolution
		{DFED8137-2BB2-4B25-A57F-24B62D2E3885}.Debug|Any CPU.ActiveCfg = Debug|Any CPU
		{DFED8137-2BB2-4B25-A57F-24B62D2E3885}.Debug|Any CPU.Build.0 = Debug|Any CPU
		{DFED8137-2BB2-4B25-A57F-24B62D2E3885}.Release|Any CPU.ActiveCfg = Release|Any CPU
		{DFED8137-2BB2-4B25-A57F-24B62D2E3885}.Release|Any CPU.Build.0 = Release|Any CPU
	EndGlobalSection
	GlobalSection(SolutionProperties) = preSolution
		HideSolutionNode = FALSE
	EndGlobalSection
	GlobalSection(ExtensibilityGlobals) = postSolution
		SolutionGuid = {A7045D2D-1E80-4F29-9308-EAF74DBB5395}
	EndGlobalSection
EndGlobal
