
Microsoft Visual Studio Solution File, Format Version 12.00
# Visual Studio Version 17
VisualStudioVersion = 17.6.33815.320
MinimumVisualStudioVersion = 10.0.40219.1
Project("{FAE04EC0-301F-11D3-BF4B-00C04F79EFBC}") = "rock_paper_scissors_game", "rock_paper_scissors_game\rock_paper_scissors_game.csproj", "{2FA9283B-4BA2-42DE-B4B4-B096CF1DCE02}"
EndProject
Global
	GlobalSection(SolutionConfigurationPlatforms) = preSolution
		Debug|Any CPU = Debug|Any CPU
		Release|Any CPU = Release|Any CPU
	EndGlobalSection
	GlobalSection(ProjectConfigurationPlatforms) = postSolution
		{2FA9283B-4BA2-42DE-B4B4-B096CF1DCE02}.Debug|Any CPU.ActiveCfg = Debug|Any CPU
		{2FA9283B-4BA2-42DE-B4B4-B096CF1DCE02}.Debug|Any CPU.Build.0 = Debug|Any CPU
		{2FA9283B-4BA2-42DE-B4B4-B096CF1DCE02}.Release|Any CPU.ActiveCfg = Release|Any CPU
		{2FA9283B-4BA2-42DE-B4B4-B096CF1DCE02}.Release|Any CPU.Build.0 = Release|Any CPU
	EndGlobalSection
	GlobalSection(SolutionProperties) = preSolution
		HideSolutionNode = FALSE
	EndGlobalSection
	GlobalSection(ExtensibilityGlobals) = postSolution
		SolutionGuid = {36216E80-CAC9-4452-AB33-A3D95E373E0F}
	EndGlobalSection
EndGlobal
