
Microsoft Visual Studio Solution File, Format Version 12.00
# Visual Studio Version 17
VisualStudioVersion = 17.6.33815.320
MinimumVisualStudioVersion = 10.0.40219.1
Project("{FAE04EC0-301F-11D3-BF4B-00C04F79EFBC}") = "Method_Overloading", "Method_Overloading\Method_Overloading.csproj", "{FD9F21FA-DE18-4E47-9EA8-63F5EE41A48D}"
EndProject
Global
	GlobalSection(SolutionConfigurationPlatforms) = preSolution
		Debug|Any CPU = Debug|Any CPU
		Release|Any CPU = Release|Any CPU
	EndGlobalSection
	GlobalSection(ProjectConfigurationPlatforms) = postSolution
		{FD9F21FA-DE18-4E47-9EA8-63F5EE41A48D}.Debug|Any CPU.ActiveCfg = Debug|Any CPU
		{FD9F21FA-DE18-4E47-9EA8-63F5EE41A48D}.Debug|Any CPU.Build.0 = Debug|Any CPU
		{FD9F21FA-DE18-4E47-9EA8-63F5EE41A48D}.Release|Any CPU.ActiveCfg = Release|Any CPU
		{FD9F21FA-DE18-4E47-9EA8-63F5EE41A48D}.Release|Any CPU.Build.0 = Release|Any CPU
	EndGlobalSection
	GlobalSection(SolutionProperties) = preSolution
		HideSolutionNode = FALSE
	EndGlobalSection
	GlobalSection(ExtensibilityGlobals) = postSolution
		SolutionGuid = {AEC6C7FD-F4A6-486A-9EB7-ED98422A7AB3}
	EndGlobalSection
EndGlobal
