
Microsoft Visual Studio Solution File, Format Version 12.00
# Visual Studio Version 17
VisualStudioVersion = 17.6.33815.320
MinimumVisualStudioVersion = 10.0.40219.1
Project("{FAE04EC0-301F-11D3-BF4B-00C04F79EFBC}") = "Inheritance", "Inheritance\Inheritance.csproj", "{8214DDC6-B403-49FE-A40E-4C618678B5CD}"
EndProject
Global
	GlobalSection(SolutionConfigurationPlatforms) = preSolution
		Debug|Any CPU = Debug|Any CPU
		Release|Any CPU = Release|Any CPU
	EndGlobalSection
	GlobalSection(ProjectConfigurationPlatforms) = postSolution
		{8214DDC6-B403-49FE-A40E-4C618678B5CD}.Debug|Any CPU.ActiveCfg = Debug|Any CPU
		{8214DDC6-B403-49FE-A40E-4C618678B5CD}.Debug|Any CPU.Build.0 = Debug|Any CPU
		{8214DDC6-B403-49FE-A40E-4C618678B5CD}.Release|Any CPU.ActiveCfg = Release|Any CPU
		{8214DDC6-B403-49FE-A40E-4C618678B5CD}.Release|Any CPU.Build.0 = Release|Any CPU
	EndGlobalSection
	GlobalSection(SolutionProperties) = preSolution
		HideSolutionNode = FALSE
	EndGlobalSection
	GlobalSection(ExtensibilityGlobals) = postSolution
		SolutionGuid = {B74B54ED-3402-4A43-8BE5-021F4EFB140C}
	EndGlobalSection
EndGlobal
