
Microsoft Visual Studio Solution File, Format Version 12.00
# Visual Studio Version 17
VisualStudioVersion = 17.6.33815.320
MinimumVisualStudioVersion = 10.0.40219.1
Project("{FAE04EC0-301F-11D3-BF4B-00C04F79EFBC}") = "User input", "User input\User input.csproj", "{4F0E505F-AD0A-4EF7-9AC1-2ED87395FC94}"
EndProject
Global
	GlobalSection(SolutionConfigurationPlatforms) = preSolution
		Debug|Any CPU = Debug|Any CPU
		Release|Any CPU = Release|Any CPU
	EndGlobalSection
	GlobalSection(ProjectConfigurationPlatforms) = postSolution
		{4F0E505F-AD0A-4EF7-9AC1-2ED87395FC94}.Debug|Any CPU.ActiveCfg = Debug|Any CPU
		{4F0E505F-AD0A-4EF7-9AC1-2ED87395FC94}.Debug|Any CPU.Build.0 = Debug|Any CPU
		{4F0E505F-AD0A-4EF7-9AC1-2ED87395FC94}.Release|Any CPU.ActiveCfg = Release|Any CPU
		{4F0E505F-AD0A-4EF7-9AC1-2ED87395FC94}.Release|Any CPU.Build.0 = Release|Any CPU
	EndGlobalSection
	GlobalSection(SolutionProperties) = preSolution
		HideSolutionNode = FALSE
	EndGlobalSection
	GlobalSection(ExtensibilityGlobals) = postSolution
		SolutionGuid = {21617D15-9DAB-4B65-BD99-77DD5AC28860}
	EndGlobalSection
EndGlobal
