
Microsoft Visual Studio Solution File, Format Version 12.00
# Visual Studio Version 17
VisualStudioVersion = 17.6.33815.320
MinimumVisualStudioVersion = 10.0.40219.1
Project("{FAE04EC0-301F-11D3-BF4B-00C04F79EFBC}") = "Arithmetic_Operations", "Arithmetic_Operations\Arithmetic_Operations.csproj", "{D9DD2704-E6E0-4052-A778-CE0FA7B2B73D}"
EndProject
Global
	GlobalSection(SolutionConfigurationPlatforms) = preSolution
		Debug|Any CPU = Debug|Any CPU
		Release|Any CPU = Release|Any CPU
	EndGlobalSection
	GlobalSection(ProjectConfigurationPlatforms) = postSolution
		{D9DD2704-E6E0-4052-A778-CE0FA7B2B73D}.Debug|Any CPU.ActiveCfg = Debug|Any CPU
		{D9DD2704-E6E0-4052-A778-CE0FA7B2B73D}.Debug|Any CPU.Build.0 = Debug|Any CPU
		{D9DD2704-E6E0-4052-A778-CE0FA7B2B73D}.Release|Any CPU.ActiveCfg = Release|Any CPU
		{D9DD2704-E6E0-4052-A778-CE0FA7B2B73D}.Release|Any CPU.Build.0 = Release|Any CPU
	EndGlobalSection
	GlobalSection(SolutionProperties) = preSolution
		HideSolutionNode = FALSE
	EndGlobalSection
	GlobalSection(ExtensibilityGlobals) = postSolution
		SolutionGuid = {B658951D-D852-4406-A25D-E3A6102799E1}
	EndGlobalSection
EndGlobal
