
Microsoft Visual Studio Solution File, Format Version 12.00
# Visual Studio Version 17
VisualStudioVersion = 17.6.33815.320
MinimumVisualStudioVersion = 10.0.40219.1
Project("{FAE04EC0-301F-11D3-BF4B-00C04F79EFBC}") = "Multidimension_Arrays", "Multidimension_Arrays\Multidimension_Arrays.csproj", "{8089A8EA-2BEE-40C7-9CED-2B3145D61F54}"
EndProject
Global
	GlobalSection(SolutionConfigurationPlatforms) = preSolution
		Debug|Any CPU = Debug|Any CPU
		Release|Any CPU = Release|Any CPU
	EndGlobalSection
	GlobalSection(ProjectConfigurationPlatforms) = postSolution
		{8089A8EA-2BEE-40C7-9CED-2B3145D61F54}.Debug|Any CPU.ActiveCfg = Debug|Any CPU
		{8089A8EA-2BEE-40C7-9CED-2B3145D61F54}.Debug|Any CPU.Build.0 = Debug|Any CPU
		{8089A8EA-2BEE-40C7-9CED-2B3145D61F54}.Release|Any CPU.ActiveCfg = Release|Any CPU
		{8089A8EA-2BEE-40C7-9CED-2B3145D61F54}.Release|Any CPU.Build.0 = Release|Any CPU
	EndGlobalSection
	GlobalSection(SolutionProperties) = preSolution
		HideSolutionNode = FALSE
	EndGlobalSection
	GlobalSection(ExtensibilityGlobals) = postSolution
		SolutionGuid = {84D53576-A25D-415F-A37F-A9F47E664191}
	EndGlobalSection
EndGlobal
