
Microsoft Visual Studio Solution File, Format Version 12.00
# Visual Studio Version 17
VisualStudioVersion = 17.6.33815.320
MinimumVisualStudioVersion = 10.0.40219.1
Project("{FAE04EC0-301F-11D3-BF4B-00C04F79EFBC}") = "While_Loops", "While_Loops\While_Loops.csproj", "{4BE1BE2E-97E8-43BF-A618-B1DA6C39B72B}"
EndProject
Global
	GlobalSection(SolutionConfigurationPlatforms) = preSolution
		Debug|Any CPU = Debug|Any CPU
		Release|Any CPU = Release|Any CPU
	EndGlobalSection
	GlobalSection(ProjectConfigurationPlatforms) = postSolution
		{4BE1BE2E-97E8-43BF-A618-B1DA6C39B72B}.Debug|Any CPU.ActiveCfg = Debug|Any CPU
		{4BE1BE2E-97E8-43BF-A618-B1DA6C39B72B}.Debug|Any CPU.Build.0 = Debug|Any CPU
		{4BE1BE2E-97E8-43BF-A618-B1DA6C39B72B}.Release|Any CPU.ActiveCfg = Release|Any CPU
		{4BE1BE2E-97E8-43BF-A618-B1DA6C39B72B}.Release|Any CPU.Build.0 = Release|Any CPU
	EndGlobalSection
	GlobalSection(SolutionProperties) = preSolution
		HideSolutionNode = FALSE
	EndGlobalSection
	GlobalSection(ExtensibilityGlobals) = postSolution
		SolutionGuid = {8CC8E4DA-5E74-4717-BEAF-D7B07A7AC048}
	EndGlobalSection
EndGlobal
