
Microsoft Visual Studio Solution File, Format Version 12.00
# Visual Studio Version 17
VisualStudioVersion = 17.6.33815.320
MinimumVisualStudioVersion = 10.0.40219.1
Project("{FAE04EC0-301F-11D3-BF4B-00C04F79EFBC}") = "Conditional_Operator", "Conditional_Operator\Conditional_Operator.csproj", "{F4F83A59-EDBF-4BD7-ABBA-6DD582C1758C}"
EndProject
Global
	GlobalSection(SolutionConfigurationPlatforms) = preSolution
		Debug|Any CPU = Debug|Any CPU
		Release|Any CPU = Release|Any CPU
	EndGlobalSection
	GlobalSection(ProjectConfigurationPlatforms) = postSolution
		{F4F83A59-EDBF-4BD7-ABBA-6DD582C1758C}.Debug|Any CPU.ActiveCfg = Debug|Any CPU
		{F4F83A59-EDBF-4BD7-ABBA-6DD582C1758C}.Debug|Any CPU.Build.0 = Debug|Any CPU
		{F4F83A59-EDBF-4BD7-ABBA-6DD582C1758C}.Release|Any CPU.ActiveCfg = Release|Any CPU
		{F4F83A59-EDBF-4BD7-ABBA-6DD582C1758C}.Release|Any CPU.Build.0 = Release|Any CPU
	EndGlobalSection
	GlobalSection(SolutionProperties) = preSolution
		HideSolutionNode = FALSE
	EndGlobalSection
	GlobalSection(ExtensibilityGlobals) = postSolution
		SolutionGuid = {B4D71CCC-0C2D-4AB0-AFBC-A88076EE9B98}
	EndGlobalSection
EndGlobal
